// !$*UTF8*$!
{
	archiveVersion = 1;
	classes = {
	};
	objectVersion = 46;
	objects = {

/* Begin PBXBuildFile section */
		DA191D6221ADA76D0096F769 /* InfoPlist.strings in Resources */ = {isa = PBXBuildFile; fileRef = DA191D6421ADA76D0096F769 /* InfoPlist.strings */; };
		DA761D78212B563400E10947 /* ViewController.swift in Sources */ = {isa = PBXBuildFile; fileRef = DA761D6D212B563400E10947 /* ViewController.swift */; };
		DA761D79212B563400E10947 /* Settings.bundle in Resources */ = {isa = PBXBuildFile; fileRef = DA761D6E212B563400E10947 /* Settings.bundle */; };
		DA761D7C212B563400E10947 /* Main.storyboard in Resources */ = {isa = PBXBuildFile; fileRef = DA761D72212B563400E10947 /* Main.storyboard */; };
		DA761D7D212B563400E10947 /* SQL.swift in Sources */ = {isa = PBXBuildFile; fileRef = DA761D74212B563400E10947 /* SQL.swift */; };
		DA761D7E212B563400E10947 /* AppDelegate.swift in Sources */ = {isa = PBXBuildFile; fileRef = DA761D76212B563400E10947 /* AppDelegate.swift */; };
		DA8CFD04212B5FCE00D62182 /* html5 in Resources */ = {isa = PBXBuildFile; fileRef = DA8CFD03212B5FCE00D62182 /* html5 */; };
		DA9D78C8219CC7E900CE09A7 /* LaunchScreen.storyboard in Resources */ = {isa = PBXBuildFile; fileRef = DA9D78C6219CC7E900CE09A7 /* LaunchScreen.storyboard */; };
		DA9D78CA219CCA5700CE09A7 /* Assets.xcassets in Resources */ = {isa = PBXBuildFile; fileRef = DA9D78C9219CCA5700CE09A7 /* Assets.xcassets */; };
		DAA90A321C6D310700B696B0 /* libsqlite3.0.tbd in Frameworks */ = {isa = PBXBuildFile; fileRef = DAA90A311C6D310700B696B0 /* libsqlite3.0.tbd */; };
		DAD1268A1C58732300491F80 /* WebKit.framework in Frameworks */ = {isa = PBXBuildFile; fileRef = DAD126891C58732300491F80 /* WebKit.framework */; };
		DAD1268C1C58755800491F80 /* CoreBluetooth.framework in Frameworks */ = {isa = PBXBuildFile; fileRef = DAD1268B1C58755800491F80 /* CoreBluetooth.framework */; };
/* End PBXBuildFile section */

/* Begin PBXFileReference section */
		DA191D6321ADA76D0096F769 /* en */ = {isa = PBXFileReference; lastKnownFileType = text.plist.strings; name = en; path = en.lproj/InfoPlist.strings; sourceTree = "<group>"; };
		DA191D6521ADA7F60096F769 /* fr */ = {isa = PBXFileReference; lastKnownFileType = text.plist.strings; name = fr; path = fr.lproj/InfoPlist.strings; sourceTree = "<group>"; };
		DA191D6621ADCCA10096F769 /* fr-CA */ = {isa = PBXFileReference; lastKnownFileType = text.plist.strings; name = "fr-CA"; path = "fr-CA.lproj/LaunchScreen.strings"; sourceTree = "<group>"; };
		DA191D6721ADCCA10096F769 /* fr-CA */ = {isa = PBXFileReference; lastKnownFileType = text.plist.strings; name = "fr-CA"; path = "fr-CA.lproj/Main.strings"; sourceTree = "<group>"; };
		DA191D6821ADCCA10096F769 /* fr-CA */ = {isa = PBXFileReference; lastKnownFileType = text.plist.strings; name = "fr-CA"; path = "fr-CA.lproj/InfoPlist.strings"; sourceTree = "<group>"; };
		DA62001721BB0E9200AC8945 /* en */ = {isa = PBXFileReference; lastKnownFileType = text.plist.strings; name = en; path = en.lproj/Main.strings; sourceTree = "<group>"; };
		DA62001921BB0E9300AC8945 /* fr */ = {isa = PBXFileReference; lastKnownFileType = text.plist.strings; name = fr; path = fr.lproj/Main.strings; sourceTree = "<group>"; };
		DA761D6D212B563400E10947 /* ViewController.swift */ = {isa = PBXFileReference; fileEncoding = 4; lastKnownFileType = sourcecode.swift; path = ViewController.swift; sourceTree = "<group>"; };
		DA761D6E212B563400E10947 /* Settings.bundle */ = {isa = PBXFileReference; lastKnownFileType = "wrapper.plug-in"; path = Settings.bundle; sourceTree = "<group>"; };
		DA761D73212B563400E10947 /* Base */ = {isa = PBXFileReference; lastKnownFileType = file.storyboard; name = Base; path = Base.lproj/Main.storyboard; sourceTree = "<group>"; };
		DA761D74212B563400E10947 /* SQL.swift */ = {isa = PBXFileReference; fileEncoding = 4; lastKnownFileType = sourcecode.swift; path = SQL.swift; sourceTree = "<group>"; };
		DA761D75212B563400E10947 /* pb-Bridging-Header.h */ = {isa = PBXFileReference; fileEncoding = 4; lastKnownFileType = sourcecode.c.h; path = "pb-Bridging-Header.h"; sourceTree = "<group>"; };
		DA761D76212B563400E10947 /* AppDelegate.swift */ = {isa = PBXFileReference; fileEncoding = 4; lastKnownFileType = sourcecode.swift; path = AppDelegate.swift; sourceTree = "<group>"; };
		DA761D80212B56F000E10947 /* Info.plist */ = {isa = PBXFileReference; fileEncoding = 4; lastKnownFileType = text.plist.xml; path = Info.plist; sourceTree = "<group>"; };
		DA8CFD03212B5FCE00D62182 /* html5 */ = {isa = PBXFileReference; lastKnownFileType = folder; path = html5; sourceTree = "<group>"; };
		DA9D78C7219CC7E900CE09A7 /* Base */ = {isa = PBXFileReference; lastKnownFileType = file.storyboard; name = Base; path = Base.lproj/LaunchScreen.storyboard; sourceTree = "<group>"; };
		DA9D78C9219CCA5700CE09A7 /* Assets.xcassets */ = {isa = PBXFileReference; lastKnownFileType = folder.assetcatalog; path = Assets.xcassets; sourceTree = "<group>"; };
		DAA90A311C6D310700B696B0 /* libsqlite3.0.tbd */ = {isa = PBXFileReference; lastKnownFileType = "sourcecode.text-based-dylib-definition"; name = libsqlite3.0.tbd; path = usr/lib/libsqlite3.0.tbd; sourceTree = SDKROOT; };
		DAD126721C586F3900491F80 /* art:bit.app */ = {isa = PBXFileReference; explicitFileType = wrapper.application; includeInIndex = 0; path = "art:bit.app"; sourceTree = BUILT_PRODUCTS_DIR; };
		DAD126891C58732300491F80 /* WebKit.framework */ = {isa = PBXFileReference; lastKnownFileType = wrapper.framework; name = WebKit.framework; path = System/Library/Frameworks/WebKit.framework; sourceTree = SDKROOT; };
		DAD1268B1C58755800491F80 /* CoreBluetooth.framework */ = {isa = PBXFileReference; lastKnownFileType = wrapper.framework; name = CoreBluetooth.framework; path = System/Library/Frameworks/CoreBluetooth.framework; sourceTree = SDKROOT; };
/* End PBXFileReference section */

/* Begin PBXFrameworksBuildPhase section */
		DAD1266F1C586F3900491F80 /* Frameworks */ = {
			isa = PBXFrameworksBuildPhase;
			buildActionMask = 2147483647;
			files = (
				DAA90A321C6D310700B696B0 /* libsqlite3.0.tbd in Frameworks */,
				DAD1268C1C58755800491F80 /* CoreBluetooth.framework in Frameworks */,
				DAD1268A1C58732300491F80 /* WebKit.framework in Frameworks */,
			);
			runOnlyForDeploymentPostprocessing = 0;
		};
/* End PBXFrameworksBuildPhase section */

/* Begin PBXGroup section */
		DA761D6C212B563400E10947 /* ioscore */ = {
			isa = PBXGroup;
			children = (
				DA9D78C9219CCA5700CE09A7 /* Assets.xcassets */,
				DA9D78C6219CC7E900CE09A7 /* LaunchScreen.storyboard */,
				DA761D80212B56F000E10947 /* Info.plist */,
				DA761D6D212B563400E10947 /* ViewController.swift */,
				DA761D6E212B563400E10947 /* Settings.bundle */,
				DA761D72212B563400E10947 /* Main.storyboard */,
				DA761D74212B563400E10947 /* SQL.swift */,
				DA761D75212B563400E10947 /* pb-Bridging-Header.h */,
				DA761D76212B563400E10947 /* AppDelegate.swift */,
				DA191D6421ADA76D0096F769 /* InfoPlist.strings */,
			);
			path = ioscore;
			sourceTree = "<group>";
		};
		DAD126691C586F3900491F80 = {
			isa = PBXGroup;
			children = (
				DA761D6C212B563400E10947 /* ioscore */,
				DA8CFD03212B5FCE00D62182 /* html5 */,
				DAA90A311C6D310700B696B0 /* libsqlite3.0.tbd */,
				DAD1268B1C58755800491F80 /* CoreBluetooth.framework */,
				DAD126891C58732300491F80 /* WebKit.framework */,
				DAD126731C586F3900491F80 /* Products */,
			);
			sourceTree = "<group>";
		};
		DAD126731C586F3900491F80 /* Products */ = {
			isa = PBXGroup;
			children = (
				DAD126721C586F3900491F80 /* art:bit.app */,
			);
			name = Products;
			sourceTree = "<group>";
		};
/* End PBXGroup section */

/* Begin PBXNativeTarget section */
		DAD126711C586F3900491F80 /* art:bit */ = {
			isa = PBXNativeTarget;
			buildConfigurationList = DAD126841C586F3900491F80 /* Build configuration list for PBXNativeTarget "art:bit" */;
			buildPhases = (
				DAD1266E1C586F3900491F80 /* Sources */,
				DAD1266F1C586F3900491F80 /* Frameworks */,
				DAD126701C586F3900491F80 /* Resources */,
			);
			buildRules = (
			);
			dependencies = (
			);
			name = "art:bit";
			productName = LEGOCS;
			productReference = DAD126721C586F3900491F80 /* art:bit.app */;
			productType = "com.apple.product-type.application";
		};
/* End PBXNativeTarget section */

/* Begin PBXProject section */
		DAD1266A1C586F3900491F80 /* Project object */ = {
			isa = PBXProject;
			attributes = {
				LastSwiftUpdateCheck = 0720;
				LastUpgradeCheck = 0940;
				ORGANIZATIONNAME = "Paula Bontá";
				TargetAttributes = {
					DAD126711C586F3900491F80 = {
						CreatedOnToolsVersion = 7.0.1;
						DevelopmentTeam = UGAWZDBKFW;
						LastSwiftMigration = 1010;
					};
				};
			};
			buildConfigurationList = DAD1266D1C586F3900491F80 /* Build configuration list for PBXProject "artbit" */;
			compatibilityVersion = "Xcode 3.2";
			developmentRegion = English;
			hasScannedForEncodings = 0;
			knownRegions = (
				en,
				Base,
				fr,
				"fr-CA",
			);
			mainGroup = DAD126691C586F3900491F80;
			productRefGroup = DAD126731C586F3900491F80 /* Products */;
			projectDirPath = "";
			projectRoot = "";
			targets = (
				DAD126711C586F3900491F80 /* art:bit */,
			);
		};
/* End PBXProject section */

/* Begin PBXResourcesBuildPhase section */
		DAD126701C586F3900491F80 /* Resources */ = {
			isa = PBXResourcesBuildPhase;
			buildActionMask = 2147483647;
			files = (
				DA761D79212B563400E10947 /* Settings.bundle in Resources */,
				DA191D6221ADA76D0096F769 /* InfoPlist.strings in Resources */,
				DA761D7C212B563400E10947 /* Main.storyboard in Resources */,
				DA8CFD04212B5FCE00D62182 /* html5 in Resources */,
				DA9D78C8219CC7E900CE09A7 /* LaunchScreen.storyboard in Resources */,
				DA9D78CA219CCA5700CE09A7 /* Assets.xcassets in Resources */,
			);
			runOnlyForDeploymentPostprocessing = 0;
		};
/* End PBXResourcesBuildPhase section */

/* Begin PBXSourcesBuildPhase section */
		DAD1266E1C586F3900491F80 /* Sources */ = {
			isa = PBXSourcesBuildPhase;
			buildActionMask = 2147483647;
			files = (
				DA761D7E212B563400E10947 /* AppDelegate.swift in Sources */,
				DA761D7D212B563400E10947 /* SQL.swift in Sources */,
				DA761D78212B563400E10947 /* ViewController.swift in Sources */,
			);
			runOnlyForDeploymentPostprocessing = 0;
		};
/* End PBXSourcesBuildPhase section */

/* Begin PBXVariantGroup section */
		DA191D6421ADA76D0096F769 /* InfoPlist.strings */ = {
			isa = PBXVariantGroup;
			children = (
				DA191D6321ADA76D0096F769 /* en */,
				DA191D6521ADA7F60096F769 /* fr */,
				DA191D6821ADCCA10096F769 /* fr-CA */,
			);
			name = InfoPlist.strings;
			sourceTree = "<group>";
		};
		DA761D72212B563400E10947 /* Main.storyboard */ = {
			isa = PBXVariantGroup;
			children = (
				DA761D73212B563400E10947 /* Base */,
				DA191D6721ADCCA10096F769 /* fr-CA */,
				DA62001721BB0E9200AC8945 /* en */,
				DA62001921BB0E9300AC8945 /* fr */,
			);
			name = Main.storyboard;
			sourceTree = "<group>";
		};
		DA9D78C6219CC7E900CE09A7 /* LaunchScreen.storyboard */ = {
			isa = PBXVariantGroup;
			children = (
				DA9D78C7219CC7E900CE09A7 /* Base */,
				DA191D6621ADCCA10096F769 /* fr-CA */,
			);
			name = LaunchScreen.storyboard;
			sourceTree = "<group>";
		};
/* End PBXVariantGroup section */

/* Begin XCBuildConfiguration section */
		DAD126821C586F3900491F80 /* Debug */ = {
			isa = XCBuildConfiguration;
			buildSettings = {
				ALWAYS_SEARCH_USER_PATHS = NO;
				CLANG_ANALYZER_LOCALIZABILITY_NONLOCALIZED = YES;
				CLANG_CXX_LANGUAGE_STANDARD = "gnu++0x";
				CLANG_CXX_LIBRARY = "libc++";
				CLANG_ENABLE_MODULES = YES;
				CLANG_ENABLE_OBJC_ARC = YES;
				CLANG_WARN_BLOCK_CAPTURE_AUTORELEASING = YES;
				CLANG_WARN_BOOL_CONVERSION = YES;
				CLANG_WARN_COMMA = YES;
				CLANG_WARN_CONSTANT_CONVERSION = YES;
				CLANG_WARN_DEPRECATED_OBJC_IMPLEMENTATIONS = YES;
				CLANG_WARN_DIRECT_OBJC_ISA_USAGE = YES_ERROR;
				CLANG_WARN_EMPTY_BODY = YES;
				CLANG_WARN_ENUM_CONVERSION = YES;
				CLANG_WARN_INFINITE_RECURSION = YES;
				CLANG_WARN_INT_CONVERSION = YES;
				CLANG_WARN_NON_LITERAL_NULL_CONVERSION = YES;
				CLANG_WARN_OBJC_IMPLICIT_RETAIN_SELF = YES;
				CLANG_WARN_OBJC_LITERAL_CONVERSION = YES;
				CLANG_WARN_OBJC_ROOT_CLASS = YES_ERROR;
				CLANG_WARN_RANGE_LOOP_ANALYSIS = YES;
				CLANG_WARN_STRICT_PROTOTYPES = YES;
				CLANG_WARN_SUSPICIOUS_MOVE = YES;
				CLANG_WARN_UNREACHABLE_CODE = YES;
				CLANG_WARN__DUPLICATE_METHOD_MATCH = YES;
				"CODE_SIGN_IDENTITY[sdk=iphoneos*]" = "iPhone Developer";
				COPY_PHASE_STRIP = NO;
				DEBUG_INFORMATION_FORMAT = dwarf;
				ENABLE_STRICT_OBJC_MSGSEND = YES;
				ENABLE_TESTABILITY = YES;
				GCC_C_LANGUAGE_STANDARD = gnu99;
				GCC_DYNAMIC_NO_PIC = NO;
				GCC_NO_COMMON_BLOCKS = YES;
				GCC_OPTIMIZATION_LEVEL = 0;
				GCC_PREPROCESSOR_DEFINITIONS = (
					"DEBUG=1",
					"$(inherited)",
				);
				GCC_WARN_64_TO_32_BIT_CONVERSION = YES;
				GCC_WARN_ABOUT_RETURN_TYPE = YES_ERROR;
				GCC_WARN_UNDECLARED_SELECTOR = YES;
				GCC_WARN_UNINITIALIZED_AUTOS = YES_AGGRESSIVE;
				GCC_WARN_UNUSED_FUNCTION = YES;
				GCC_WARN_UNUSED_VARIABLE = YES;
				IPHONEOS_DEPLOYMENT_TARGET = 9.3;
				MTL_ENABLE_DEBUG_INFO = YES;
				ONLY_ACTIVE_ARCH = YES;
				SDKROOT = iphoneos;
				SWIFT_OPTIMIZATION_LEVEL = "-Onone";
				TARGETED_DEVICE_FAMILY = 2;
			};
			name = Debug;
		};
		DAD126831C586F3900491F80 /* Release */ = {
			isa = XCBuildConfiguration;
			buildSettings = {
				ALWAYS_SEARCH_USER_PATHS = NO;
				CLANG_ANALYZER_LOCALIZABILITY_NONLOCALIZED = YES;
				CLANG_CXX_LANGUAGE_STANDARD = "gnu++0x";
				CLANG_CXX_LIBRARY = "libc++";
				CLANG_ENABLE_MODULES = YES;
				CLANG_ENABLE_OBJC_ARC = YES;
				CLANG_WARN_BLOCK_CAPTURE_AUTORELEASING = YES;
				CLANG_WARN_BOOL_CONVERSION = YES;
				CLANG_WARN_COMMA = YES;
				CLANG_WARN_CONSTANT_CONVERSION = YES;
				CLANG_WARN_DEPRECATED_OBJC_IMPLEMENTATIONS = YES;
				CLANG_WARN_DIRECT_OBJC_ISA_USAGE = YES_ERROR;
				CLANG_WARN_EMPTY_BODY = YES;
				CLANG_WARN_ENUM_CONVERSION = YES;
				CLANG_WARN_INFINITE_RECURSION = YES;
				CLANG_WARN_INT_CONVERSION = YES;
				CLANG_WARN_NON_LITERAL_NULL_CONVERSION = YES;
				CLANG_WARN_OBJC_IMPLICIT_RETAIN_SELF = YES;
				CLANG_WARN_OBJC_LITERAL_CONVERSION = YES;
				CLANG_WARN_OBJC_ROOT_CLASS = YES_ERROR;
				CLANG_WARN_RANGE_LOOP_ANALYSIS = YES;
				CLANG_WARN_STRICT_PROTOTYPES = YES;
				CLANG_WARN_SUSPICIOUS_MOVE = YES;
				CLANG_WARN_UNREACHABLE_CODE = YES;
				CLANG_WARN__DUPLICATE_METHOD_MATCH = YES;
				"CODE_SIGN_IDENTITY[sdk=iphoneos*]" = "iPhone Developer";
				COPY_PHASE_STRIP = NO;
				DEBUG_INFORMATION_FORMAT = "dwarf-with-dsym";
				ENABLE_NS_ASSERTIONS = NO;
				ENABLE_STRICT_OBJC_MSGSEND = YES;
				GCC_C_LANGUAGE_STANDARD = gnu99;
				GCC_NO_COMMON_BLOCKS = YES;
				GCC_WARN_64_TO_32_BIT_CONVERSION = YES;
				GCC_WARN_ABOUT_RETURN_TYPE = YES_ERROR;
				GCC_WARN_UNDECLARED_SELECTOR = YES;
				GCC_WARN_UNINITIALIZED_AUTOS = YES_AGGRESSIVE;
				GCC_WARN_UNUSED_FUNCTION = YES;
				GCC_WARN_UNUSED_VARIABLE = YES;
				IPHONEOS_DEPLOYMENT_TARGET = 9.3;
				MTL_ENABLE_DEBUG_INFO = NO;
				SDKROOT = iphoneos;
				SWIFT_OPTIMIZATION_LEVEL = "-Owholemodule";
				TARGETED_DEVICE_FAMILY = 2;
				VALIDATE_PRODUCT = YES;
			};
			name = Release;
		};
		DAD126851C586F3900491F80 /* Debug */ = {
			isa = XCBuildConfiguration;
			buildSettings = {
				ASSETCATALOG_COMPILER_APPICON_NAME = AppIcon;
				CLANG_ENABLE_MODULES = YES;
				CODE_SIGN_IDENTITY = "iPhone Developer";
				DEVELOPMENT_TEAM = UGAWZDBKFW;
				INFOPLIST_FILE = "$(SRCROOT)/ioscore/Info.plist";
				IPHONEOS_DEPLOYMENT_TARGET = 11.0;
				LD_RUNPATH_SEARCH_PATHS = "$(inherited) @executable_path/Frameworks";
				PRODUCT_BUNDLE_IDENTIFIER = com.playfulinvention.artbit;
				PRODUCT_NAME = "art:bit";
				SWIFT_OBJC_BRIDGING_HEADER = "ioscore/pb-Bridging-Header.h";
				"SWIFT_OBJC_BRIDGING_HEADER[arch=*]" = "ioscore/pb-Bridging-Header.h";
				SWIFT_OPTIMIZATION_LEVEL = "-Onone";
				SWIFT_SWIFT3_OBJC_INFERENCE = Default;
				SWIFT_VERSION = 4.2;
			};
			name = Debug;
		};
		DAD126861C586F3900491F80 /* Release */ = {
			isa = XCBuildConfiguration;
			buildSettings = {
				ASSETCATALOG_COMPILER_APPICON_NAME = AppIcon;
				CLANG_ENABLE_MODULES = YES;
				CODE_SIGN_IDENTITY = "iPhone Developer";
				DEVELOPMENT_TEAM = UGAWZDBKFW;
				INFOPLIST_FILE = "$(SRCROOT)/ioscore/Info.plist";
				IPHONEOS_DEPLOYMENT_TARGET = 11.0;
				LD_RUNPATH_SEARCH_PATHS = "$(inherited) @executable_path/Frameworks";
				PRODUCT_BUNDLE_IDENTIFIER = com.playfulinvention.artbit;
				PRODUCT_NAME = "art:bit";
				SWIFT_OBJC_BRIDGING_HEADER = "ioscore/pb-Bridging-Header.h";
				SWIFT_SWIFT3_OBJC_INFERENCE = Default;
				SWIFT_VERSION = 4.2;
			};
			name = Release;
		};
/* End XCBuildConfiguration section */

/* Begin XCConfigurationList section */
		DAD1266D1C586F3900491F80 /* Build configuration list for PBXProject "artbit" */ = {
			isa = XCConfigurationList;
			buildConfigurations = (
				DAD126821C586F3900491F80 /* Debug */,
				DAD126831C586F3900491F80 /* Release */,
			);
			defaultConfigurationIsVisible = 0;
			defaultConfigurationName = Release;
		};
		DAD126841C586F3900491F80 /* Build configuration list for PBXNativeTarget "art:bit" */ = {
			isa = XCConfigurationList;
			buildConfigurations = (
				DAD126851C586F3900491F80 /* Debug */,
				DAD126861C586F3900491F80 /* Release */,
			);
			defaultConfigurationIsVisible = 0;
			defaultConfigurationName = Release;
		};
/* End XCConfigurationList section */
	};
	rootObject = DAD1266A1C586F3900491F80 /* Project object */;
}
